// !$*UTF8*$!
{
	archiveVersion = 1;
	classes = {
	};
	objectVersion = 55;
	objects = {

/* Begin PBXBuildFile section */
		621D09DF27C6B4A000C4A68D /* LearningStartSessionViewController.swift in Sources */ = {isa = PBXBuildFile; fileRef = 621D09DE27C6B4A000C4A68D /* LearningStartSessionViewController.swift */; };
		621D09E027C6B4A000C4A68D /* LearningStartSessionViewController.swift in Sources */ = {isa = PBXBuildFile; fileRef = 621D09DE27C6B4A000C4A68D /* LearningStartSessionViewController.swift */; };
		6229B32227C5112B002606E9 /* LearningCards.swift in Sources */ = {isa = PBXBuildFile; fileRef = 6229B32127C5112B002606E9 /* LearningCards.swift */; };
		6229B32327C5112B002606E9 /* LearningCards.swift in Sources */ = {isa = PBXBuildFile; fileRef = 6229B32127C5112B002606E9 /* LearningCards.swift */; };
		623D3BFB27C2728100187822 /* LibraryRow.swift in Sources */ = {isa = PBXBuildFile; fileRef = 623D3BFA27C2728100187822 /* LibraryRow.swift */; };
		623D3BFC27C2728100187822 /* LibraryRow.swift in Sources */ = {isa = PBXBuildFile; fileRef = 623D3BFA27C2728100187822 /* LibraryRow.swift */; };
		623D3BFE27C2765D00187822 /* LibraryHeaderView.swift in Sources */ = {isa = PBXBuildFile; fileRef = 623D3BFD27C2765D00187822 /* LibraryHeaderView.swift */; };
		623D3BFF27C2765D00187822 /* LibraryHeaderView.swift in Sources */ = {isa = PBXBuildFile; fileRef = 623D3BFD27C2765D00187822 /* LibraryHeaderView.swift */; };
		623D3C0627C292E900187822 /* Vocable.swift in Sources */ = {isa = PBXBuildFile; fileRef = 623D3C0527C292E900187822 /* Vocable.swift */; };
		623D3C0727C292E900187822 /* Vocable.swift in Sources */ = {isa = PBXBuildFile; fileRef = 623D3C0527C292E900187822 /* Vocable.swift */; };
		623D3C0A27C2A1A900187822 /* RealmMigrator.swift in Sources */ = {isa = PBXBuildFile; fileRef = 623D3C0927C2A1A900187822 /* RealmMigrator.swift */; };
		623D3C0B27C2A1A900187822 /* RealmMigrator.swift in Sources */ = {isa = PBXBuildFile; fileRef = 623D3C0927C2A1A900187822 /* RealmMigrator.swift */; };
		623D3C0D27C2A1FB00187822 /* VocableStore.swift in Sources */ = {isa = PBXBuildFile; fileRef = 623D3C0C27C2A1FB00187822 /* VocableStore.swift */; };
		623D3C0E27C2A1FB00187822 /* VocableStore.swift in Sources */ = {isa = PBXBuildFile; fileRef = 623D3C0C27C2A1FB00187822 /* VocableStore.swift */; };
		623D3C1327C2A30B00187822 /* DBVocable.swift in Sources */ = {isa = PBXBuildFile; fileRef = 623D3C1227C2A30B00187822 /* DBVocable.swift */; };
		623D3C1427C2A30B00187822 /* DBVocable.swift in Sources */ = {isa = PBXBuildFile; fileRef = 623D3C1227C2A30B00187822 /* DBVocable.swift */; };
		624A42EB27C14109002C73E4 /* Tests_iOS.swift in Sources */ = {isa = PBXBuildFile; fileRef = 624A42EA27C14109002C73E4 /* Tests_iOS.swift */; };
		624A42ED27C14109002C73E4 /* Tests_iOSLaunchTests.swift in Sources */ = {isa = PBXBuildFile; fileRef = 624A42EC27C14109002C73E4 /* Tests_iOSLaunchTests.swift */; };
		624A42F727C14109002C73E4 /* Tests_macOS.swift in Sources */ = {isa = PBXBuildFile; fileRef = 624A42F627C14109002C73E4 /* Tests_macOS.swift */; };
		624A42F927C14109002C73E4 /* Tests_macOSLaunchTests.swift in Sources */ = {isa = PBXBuildFile; fileRef = 624A42F827C14109002C73E4 /* Tests_macOSLaunchTests.swift */; };
		624A42FA27C14109002C73E4 /* Abschlussprojekt_AdrianoApp.swift in Sources */ = {isa = PBXBuildFile; fileRef = 624A42D227C14105002C73E4 /* Abschlussprojekt_AdrianoApp.swift */; };
		624A42FB27C14109002C73E4 /* Abschlussprojekt_AdrianoApp.swift in Sources */ = {isa = PBXBuildFile; fileRef = 624A42D227C14105002C73E4 /* Abschlussprojekt_AdrianoApp.swift */; };
		624A42FC27C14109002C73E4 /* TabViewController.swift in Sources */ = {isa = PBXBuildFile; fileRef = 624A42D327C14105002C73E4 /* TabViewController.swift */; };
		624A42FD27C14109002C73E4 /* TabViewController.swift in Sources */ = {isa = PBXBuildFile; fileRef = 624A42D327C14105002C73E4 /* TabViewController.swift */; };
		624A430F27C15208002C73E4 /* LibraryViewController.swift in Sources */ = {isa = PBXBuildFile; fileRef = 624A430E27C15208002C73E4 /* LibraryViewController.swift */; };
		624A431027C15208002C73E4 /* LibraryViewController.swift in Sources */ = {isa = PBXBuildFile; fileRef = 624A430E27C15208002C73E4 /* LibraryViewController.swift */; };
		624A431227C15226002C73E4 /* SettingsView.swift in Sources */ = {isa = PBXBuildFile; fileRef = 624A431127C15226002C73E4 /* SettingsView.swift */; };
		624A431327C15226002C73E4 /* SettingsView.swift in Sources */ = {isa = PBXBuildFile; fileRef = 624A431127C15226002C73E4 /* SettingsView.swift */; };
		624A431827C1526D002C73E4 /* NewVocabsView.swift in Sources */ = {isa = PBXBuildFile; fileRef = 624A431727C1526D002C73E4 /* NewVocabsView.swift */; };
		624A431927C1526D002C73E4 /* NewVocabsView.swift in Sources */ = {isa = PBXBuildFile; fileRef = 624A431727C1526D002C73E4 /* NewVocabsView.swift */; };
		624A431C27C15E09002C73E4 /* CardView.swift in Sources */ = {isa = PBXBuildFile; fileRef = 624A431B27C15E09002C73E4 /* CardView.swift */; };
		624A431D27C15E09002C73E4 /* CardView.swift in Sources */ = {isa = PBXBuildFile; fileRef = 624A431B27C15E09002C73E4 /* CardView.swift */; };
		624A431F27C172DB002C73E4 /* Guidelines.swift in Sources */ = {isa = PBXBuildFile; fileRef = 624A431E27C172DB002C73E4 /* Guidelines.swift */; };
		624A432027C172DB002C73E4 /* Guidelines.swift in Sources */ = {isa = PBXBuildFile; fileRef = 624A431E27C172DB002C73E4 /* Guidelines.swift */; };
		624A432227C18565002C73E4 /* ButtonView.swift in Sources */ = {isa = PBXBuildFile; fileRef = 624A432127C18565002C73E4 /* ButtonView.swift */; };
		624A432327C18565002C73E4 /* ButtonView.swift in Sources */ = {isa = PBXBuildFile; fileRef = 624A432127C18565002C73E4 /* ButtonView.swift */; };
		625BD81827C3E92B00ECEF76 /* SystemLibraryExtensions.swift in Sources */ = {isa = PBXBuildFile; fileRef = 625BD81727C3E92B00ECEF76 /* SystemLibraryExtensions.swift */; };
		625BD81927C3E92B00ECEF76 /* SystemLibraryExtensions.swift in Sources */ = {isa = PBXBuildFile; fileRef = 625BD81727C3E92B00ECEF76 /* SystemLibraryExtensions.swift */; };
		62883E5228022DAD00579F7D /* Error.swift in Sources */ = {isa = PBXBuildFile; fileRef = 62883E5128022DAD00579F7D /* Error.swift */; };
		62883E5328022DAD00579F7D /* Error.swift in Sources */ = {isa = PBXBuildFile; fileRef = 62883E5128022DAD00579F7D /* Error.swift */; };
		6289DF0527EB847F0006BFA1 /* LibraryViewModel.swift in Sources */ = {isa = PBXBuildFile; fileRef = 6289DF0427EB847F0006BFA1 /* LibraryViewModel.swift */; };
		6289DF0627EB847F0006BFA1 /* LibraryViewModel.swift in Sources */ = {isa = PBXBuildFile; fileRef = 6289DF0427EB847F0006BFA1 /* LibraryViewModel.swift */; };
		6292E0B027C2C4FB00B01EA7 /* Observable.swift in Sources */ = {isa = PBXBuildFile; fileRef = 6292E0AF27C2C4FB00B01EA7 /* Observable.swift */; };
		6292E0B127C2C4FB00B01EA7 /* Observable.swift in Sources */ = {isa = PBXBuildFile; fileRef = 6292E0AF27C2C4FB00B01EA7 /* Observable.swift */; };
		629370CB27F5F2FF00938411 /* LibraryContentView.swift in Sources */ = {isa = PBXBuildFile; fileRef = 629370CA27F5F2FF00938411 /* LibraryContentView.swift */; };
		629370CC27F5F2FF00938411 /* LibraryContentView.swift in Sources */ = {isa = PBXBuildFile; fileRef = 629370CA27F5F2FF00938411 /* LibraryContentView.swift */; };
		629AFD2727CBED67009B46E3 /* LearningViewController.swift in Sources */ = {isa = PBXBuildFile; fileRef = 629AFD2627CBED67009B46E3 /* LearningViewController.swift */; };
		629AFD2827CBED67009B46E3 /* LearningViewController.swift in Sources */ = {isa = PBXBuildFile; fileRef = 629AFD2627CBED67009B46E3 /* LearningViewController.swift */; };
		62AF8D7627F3602000F0BC72 /* LearningCardsWrite.swift in Sources */ = {isa = PBXBuildFile; fileRef = 62AF8D7527F3602000F0BC72 /* LearningCardsWrite.swift */; };
		62AF8D7727F3602000F0BC72 /* LearningCardsWrite.swift in Sources */ = {isa = PBXBuildFile; fileRef = 62AF8D7527F3602000F0BC72 /* LearningCardsWrite.swift */; };
		62EF9D3A27C562A200DD8C84 /* LearningViewModel.swift in Sources */ = {isa = PBXBuildFile; fileRef = 62EF9D3927C562A200DD8C84 /* LearningViewModel.swift */; };
		62EF9D3B27C562A200DD8C84 /* LearningViewModel.swift in Sources */ = {isa = PBXBuildFile; fileRef = 62EF9D3927C562A200DD8C84 /* LearningViewModel.swift */; };
		62FEB1C027E7E80100B1900D /* LearningViewController.swift in Sources */ = {isa = PBXBuildFile; fileRef = 62FEB1BF27E7E80100B1900D /* LearningViewController.swift */; };
		62FEB1C127E7E80100B1900D /* LearningViewController.swift in Sources */ = {isa = PBXBuildFile; fileRef = 62FEB1BF27E7E80100B1900D /* LearningViewController.swift */; };
		97068FD21633D8BDBE539AA9 /* Pods_Abschlussprojekt_Adriano__iOS_.framework in Frameworks */ = {isa = PBXBuildFile; fileRef = AC6EEA68342F66C977DB83BC /* Pods_Abschlussprojekt_Adriano__iOS_.framework */; };
/* End PBXBuildFile section */

/* Begin PBXContainerItemProxy section */
		624A42E727C14109002C73E4 /* PBXContainerItemProxy */ = {
			isa = PBXContainerItemProxy;
			containerPortal = 624A42CD27C14105002C73E4 /* Project object */;
			proxyType = 1;
			remoteGlobalIDString = 624A42D827C14109002C73E4;
			remoteInfo = "Abschlussprojekt_Adriano (iOS)";
		};
		624A42F327C14109002C73E4 /* PBXContainerItemProxy */ = {
			isa = PBXContainerItemProxy;
			containerPortal = 624A42CD27C14105002C73E4 /* Project object */;
			proxyType = 1;
			remoteGlobalIDString = 624A42DE27C14109002C73E4;
			remoteInfo = "Abschlussprojekt_Adriano (macOS)";
		};
/* End PBXContainerItemProxy section */

/* Begin PBXFileReference section */
		29AA2ADB8E45FEF664BA1B55 /* Pods-Abschlussprojekt_Adriano (iOS).debug.xcconfig */ = {isa = PBXFileReference; includeInIndex = 1; lastKnownFileType = text.xcconfig; name = "Pods-Abschlussprojekt_Adriano (iOS).debug.xcconfig"; path = "Target Support Files/Pods-Abschlussprojekt_Adriano (iOS)/Pods-Abschlussprojekt_Adriano (iOS).debug.xcconfig"; sourceTree = "<group>"; };
		451508355783AD0683635F1D /* Pods-Abschlussprojekt_Adriano (iOS).release.xcconfig */ = {isa = PBXFileReference; includeInIndex = 1; lastKnownFileType = text.xcconfig; name = "Pods-Abschlussprojekt_Adriano (iOS).release.xcconfig"; path = "Target Support Files/Pods-Abschlussprojekt_Adriano (iOS)/Pods-Abschlussprojekt_Adriano (iOS).release.xcconfig"; sourceTree = "<group>"; };
		621D09DE27C6B4A000C4A68D /* LearningStartSessionViewController.swift */ = {isa = PBXFileReference; lastKnownFileType = sourcecode.swift; path = LearningStartSessionViewController.swift; sourceTree = "<group>"; };
		6229B32127C5112B002606E9 /* LearningCards.swift */ = {isa = PBXFileReference; lastKnownFileType = sourcecode.swift; path = LearningCards.swift; sourceTree = "<group>"; };
		623D3BFA27C2728100187822 /* LibraryRow.swift */ = {isa = PBXFileReference; lastKnownFileType = sourcecode.swift; path = LibraryRow.swift; sourceTree = "<group>"; };
		623D3BFD27C2765D00187822 /* LibraryHeaderView.swift */ = {isa = PBXFileReference; lastKnownFileType = sourcecode.swift; path = LibraryHeaderView.swift; sourceTree = "<group>"; };
		623D3C0527C292E900187822 /* Vocable.swift */ = {isa = PBXFileReference; lastKnownFileType = sourcecode.swift; path = Vocable.swift; sourceTree = "<group>"; };
		623D3C0927C2A1A900187822 /* RealmMigrator.swift */ = {isa = PBXFileReference; lastKnownFileType = sourcecode.swift; path = RealmMigrator.swift; sourceTree = "<group>"; };
		623D3C0C27C2A1FB00187822 /* VocableStore.swift */ = {isa = PBXFileReference; lastKnownFileType = sourcecode.swift; path = VocableStore.swift; sourceTree = "<group>"; };
		623D3C1227C2A30B00187822 /* DBVocable.swift */ = {isa = PBXFileReference; lastKnownFileType = sourcecode.swift; path = DBVocable.swift; sourceTree = "<group>"; };
		624A42D227C14105002C73E4 /* Abschlussprojekt_AdrianoApp.swift */ = {isa = PBXFileReference; lastKnownFileType = sourcecode.swift; path = Abschlussprojekt_AdrianoApp.swift; sourceTree = "<group>"; };
		624A42D327C14105002C73E4 /* TabViewController.swift */ = {isa = PBXFileReference; lastKnownFileType = sourcecode.swift; path = TabViewController.swift; sourceTree = "<group>"; };
		624A42D927C14109002C73E4 /* Abschlussprojekt_Adriano.app */ = {isa = PBXFileReference; explicitFileType = wrapper.application; includeInIndex = 0; path = Abschlussprojekt_Adriano.app; sourceTree = BUILT_PRODUCTS_DIR; };
		624A42DF27C14109002C73E4 /* Abschlussprojekt_Adriano.app */ = {isa = PBXFileReference; explicitFileType = wrapper.application; includeInIndex = 0; path = Abschlussprojekt_Adriano.app; sourceTree = BUILT_PRODUCTS_DIR; };
		624A42E127C14109002C73E4 /* macOS.entitlements */ = {isa = PBXFileReference; lastKnownFileType = text.plist.entitlements; path = macOS.entitlements; sourceTree = "<group>"; };
		624A42E627C14109002C73E4 /* Tests iOS.xctest */ = {isa = PBXFileReference; explicitFileType = wrapper.cfbundle; includeInIndex = 0; path = "Tests iOS.xctest"; sourceTree = BUILT_PRODUCTS_DIR; };
		624A42EA27C14109002C73E4 /* Tests_iOS.swift */ = {isa = PBXFileReference; lastKnownFileType = sourcecode.swift; path = Tests_iOS.swift; sourceTree = "<group>"; };
		624A42EC27C14109002C73E4 /* Tests_iOSLaunchTests.swift */ = {isa = PBXFileReference; lastKnownFileType = sourcecode.swift; path = Tests_iOSLaunchTests.swift; sourceTree = "<group>"; };
		624A42F227C14109002C73E4 /* Tests macOS.xctest */ = {isa = PBXFileReference; explicitFileType = wrapper.cfbundle; includeInIndex = 0; path = "Tests macOS.xctest"; sourceTree = BUILT_PRODUCTS_DIR; };
		624A42F627C14109002C73E4 /* Tests_macOS.swift */ = {isa = PBXFileReference; lastKnownFileType = sourcecode.swift; path = Tests_macOS.swift; sourceTree = "<group>"; };
		624A42F827C14109002C73E4 /* Tests_macOSLaunchTests.swift */ = {isa = PBXFileReference; lastKnownFileType = sourcecode.swift; path = Tests_macOSLaunchTests.swift; sourceTree = "<group>"; };
		624A430E27C15208002C73E4 /* LibraryViewController.swift */ = {isa = PBXFileReference; lastKnownFileType = sourcecode.swift; path = LibraryViewController.swift; sourceTree = "<group>"; };
		624A431127C15226002C73E4 /* SettingsView.swift */ = {isa = PBXFileReference; lastKnownFileType = sourcecode.swift; path = SettingsView.swift; sourceTree = "<group>"; };
		624A431727C1526D002C73E4 /* NewVocabsView.swift */ = {isa = PBXFileReference; lastKnownFileType = sourcecode.swift; path = NewVocabsView.swift; sourceTree = "<group>"; };
		624A431B27C15E09002C73E4 /* CardView.swift */ = {isa = PBXFileReference; lastKnownFileType = sourcecode.swift; path = CardView.swift; sourceTree = "<group>"; };
		624A431E27C172DB002C73E4 /* Guidelines.swift */ = {isa = PBXFileReference; lastKnownFileType = sourcecode.swift; path = Guidelines.swift; sourceTree = "<group>"; };
		624A432127C18565002C73E4 /* ButtonView.swift */ = {isa = PBXFileReference; lastKnownFileType = sourcecode.swift; path = ButtonView.swift; sourceTree = "<group>"; };
		625BD81727C3E92B00ECEF76 /* SystemLibraryExtensions.swift */ = {isa = PBXFileReference; lastKnownFileType = sourcecode.swift; path = SystemLibraryExtensions.swift; sourceTree = "<group>"; };
		62883E5128022DAD00579F7D /* Error.swift */ = {isa = PBXFileReference; lastKnownFileType = sourcecode.swift; path = Error.swift; sourceTree = "<group>"; };
		6289DF0427EB847F0006BFA1 /* LibraryViewModel.swift */ = {isa = PBXFileReference; lastKnownFileType = sourcecode.swift; path = LibraryViewModel.swift; sourceTree = "<group>"; };
		6292E0AF27C2C4FB00B01EA7 /* Observable.swift */ = {isa = PBXFileReference; lastKnownFileType = sourcecode.swift; path = Observable.swift; sourceTree = "<group>"; };
		629370CA27F5F2FF00938411 /* LibraryContentView.swift */ = {isa = PBXFileReference; lastKnownFileType = sourcecode.swift; path = LibraryContentView.swift; sourceTree = "<group>"; };
		629AFD2627CBED67009B46E3 /* LearningViewController.swift */ = {isa = PBXFileReference; lastKnownFileType = sourcecode.swift; path = LearningViewController.swift; sourceTree = "<group>"; };
		62AF8D7527F3602000F0BC72 /* LearningCardsWrite.swift */ = {isa = PBXFileReference; lastKnownFileType = sourcecode.swift; path = LearningCardsWrite.swift; sourceTree = "<group>"; };
		62EF9D3927C562A200DD8C84 /* LearningViewModel.swift */ = {isa = PBXFileReference; lastKnownFileType = sourcecode.swift; path = LearningViewModel.swift; sourceTree = "<group>"; };
		62FEB1BF27E7E80100B1900D /* LearningViewController.swift */ = {isa = PBXFileReference; fileEncoding = 4; lastKnownFileType = sourcecode.swift; path = LearningViewController.swift; sourceTree = "<group>"; };
		AC6EEA68342F66C977DB83BC /* Pods_Abschlussprojekt_Adriano__iOS_.framework */ = {isa = PBXFileReference; explicitFileType = wrapper.framework; includeInIndex = 0; path = Pods_Abschlussprojekt_Adriano__iOS_.framework; sourceTree = BUILT_PRODUCTS_DIR; };
/* End PBXFileReference section */

/* Begin PBXFrameworksBuildPhase section */
		624A42D627C14109002C73E4 /* Frameworks */ = {
			isa = PBXFrameworksBuildPhase;
			buildActionMask = 2147483647;
			files = (
				97068FD21633D8BDBE539AA9 /* Pods_Abschlussprojekt_Adriano__iOS_.framework in Frameworks */,
			);
			runOnlyForDeploymentPostprocessing = 0;
		};
		624A42DC27C14109002C73E4 /* Frameworks */ = {
			isa = PBXFrameworksBuildPhase;
			buildActionMask = 2147483647;
			files = (
			);
			runOnlyForDeploymentPostprocessing = 0;
		};
		624A42E327C14109002C73E4 /* Frameworks */ = {
			isa = PBXFrameworksBuildPhase;
			buildActionMask = 2147483647;
			files = (
			);
			runOnlyForDeploymentPostprocessing = 0;
		};
		624A42EF27C14109002C73E4 /* Frameworks */ = {
			isa = PBXFrameworksBuildPhase;
			buildActionMask = 2147483647;
			files = (
			);
			runOnlyForDeploymentPostprocessing = 0;
		};
/* End PBXFrameworksBuildPhase section */

/* Begin PBXGroup section */
		623D3C0027C2768C00187822 /* Library */ = {
			isa = PBXGroup;
			children = (
				6289DF0427EB847F0006BFA1 /* LibraryViewModel.swift */,
				624A430E27C15208002C73E4 /* LibraryViewController.swift */,
				623D3BFD27C2765D00187822 /* LibraryHeaderView.swift */,
				623D3BFA27C2728100187822 /* LibraryRow.swift */,
				629370CA27F5F2FF00938411 /* LibraryContentView.swift */,
			);
			path = Library;
			sourceTree = "<group>";
		};
		623D3C0127C2769E00187822 /* Learning */ = {
			isa = PBXGroup;
			children = (
				62EF9D3927C562A200DD8C84 /* LearningViewModel.swift */,
				621D09DE27C6B4A000C4A68D /* LearningStartSessionViewController.swift */,
				629AFD2627CBED67009B46E3 /* LearningViewController.swift */,
				62FEB1BF27E7E80100B1900D /* LearningViewController.swift */,
				6229B32127C5112B002606E9 /* LearningCards.swift */,
				62AF8D7527F3602000F0BC72 /* LearningCardsWrite.swift */,
			);
			path = Learning;
			sourceTree = "<group>";
		};
		623D3C0227C276A700187822 /* NewVocabs */ = {
			isa = PBXGroup;
			children = (
				624A431727C1526D002C73E4 /* NewVocabsView.swift */,
			);
			path = NewVocabs;
			sourceTree = "<group>";
		};
		623D3C0327C276BF00187822 /* UI */ = {
			isa = PBXGroup;
			children = (
				624A42D327C14105002C73E4 /* TabViewController.swift */,
				623D3C0227C276A700187822 /* NewVocabs */,
				623D3C0127C2769E00187822 /* Learning */,
				623D3C0027C2768C00187822 /* Library */,
				623D3C0427C276DA00187822 /* Settings */,
				624A431A27C15D9A002C73E4 /* Reusables */,
			);
			path = UI;
			sourceTree = "<group>";
		};
		623D3C0427C276DA00187822 /* Settings */ = {
			isa = PBXGroup;
			children = (
				624A431127C15226002C73E4 /* SettingsView.swift */,
			);
			path = Settings;
			sourceTree = "<group>";
		};
		623D3C0827C2933600187822 /* Data */ = {
			isa = PBXGroup;
			children = (
				623D3C0527C292E900187822 /* Vocable.swift */,
				623D3C0927C2A1A900187822 /* RealmMigrator.swift */,
				623D3C0C27C2A1FB00187822 /* VocableStore.swift */,
				623D3C1227C2A30B00187822 /* DBVocable.swift */,
				6292E0AF27C2C4FB00B01EA7 /* Observable.swift */,
				62883E5128022DAD00579F7D /* Error.swift */,
			);
			path = Data;
			sourceTree = "<group>";
		};
		624A42CC27C14105002C73E4 = {
			isa = PBXGroup;
			children = (
				624A42D127C14105002C73E4 /* Shared */,
				624A42E027C14109002C73E4 /* macOS */,
				624A42E927C14109002C73E4 /* Tests iOS */,
				624A42F527C14109002C73E4 /* Tests macOS */,
				624A42DA27C14109002C73E4 /* Products */,
				CE0E9155C862829A5CDA127A /* Pods */,
				665DCF3B52CA74AF2A69274F /* Frameworks */,
			);
			sourceTree = "<group>";
		};
		624A42D127C14105002C73E4 /* Shared */ = {
			isa = PBXGroup;
			children = (
				624A42D227C14105002C73E4 /* Abschlussprojekt_AdrianoApp.swift */,
				623D3C0827C2933600187822 /* Data */,
				623D3C0327C276BF00187822 /* UI */,
			);
			path = Shared;
			sourceTree = "<group>";
		};
		624A42DA27C14109002C73E4 /* Products */ = {
			isa = PBXGroup;
			children = (
				624A42D927C14109002C73E4 /* Abschlussprojekt_Adriano.app */,
				624A42DF27C14109002C73E4 /* Abschlussprojekt_Adriano.app */,
				624A42E627C14109002C73E4 /* Tests iOS.xctest */,
				624A42F227C14109002C73E4 /* Tests macOS.xctest */,
			);
			name = Products;
			sourceTree = "<group>";
		};
		624A42E027C14109002C73E4 /* macOS */ = {
			isa = PBXGroup;
			children = (
				624A42E127C14109002C73E4 /* macOS.entitlements */,
			);
			path = macOS;
			sourceTree = "<group>";
		};
		624A42E927C14109002C73E4 /* Tests iOS */ = {
			isa = PBXGroup;
			children = (
				624A42EA27C14109002C73E4 /* Tests_iOS.swift */,
				624A42EC27C14109002C73E4 /* Tests_iOSLaunchTests.swift */,
			);
			path = "Tests iOS";
			sourceTree = "<group>";
		};
		624A42F527C14109002C73E4 /* Tests macOS */ = {
			isa = PBXGroup;
			children = (
				624A42F627C14109002C73E4 /* Tests_macOS.swift */,
				624A42F827C14109002C73E4 /* Tests_macOSLaunchTests.swift */,
			);
			path = "Tests macOS";
			sourceTree = "<group>";
		};
		624A431A27C15D9A002C73E4 /* Reusables */ = {
			isa = PBXGroup;
			children = (
				624A431B27C15E09002C73E4 /* CardView.swift */,
				624A432127C18565002C73E4 /* ButtonView.swift */,
				624A431E27C172DB002C73E4 /* Guidelines.swift */,
				625BD81727C3E92B00ECEF76 /* SystemLibraryExtensions.swift */,
			);
			path = Reusables;
			sourceTree = "<group>";
		};
		665DCF3B52CA74AF2A69274F /* Frameworks */ = {
			isa = PBXGroup;
			children = (
				AC6EEA68342F66C977DB83BC /* Pods_Abschlussprojekt_Adriano__iOS_.framework */,
			);
			name = Frameworks;
			sourceTree = "<group>";
		};
		CE0E9155C862829A5CDA127A /* Pods */ = {
			isa = PBXGroup;
			children = (
				29AA2ADB8E45FEF664BA1B55 /* Pods-Abschlussprojekt_Adriano (iOS).debug.xcconfig */,
				451508355783AD0683635F1D /* Pods-Abschlussprojekt_Adriano (iOS).release.xcconfig */,
			);
			path = Pods;
			sourceTree = "<group>";
		};
/* End PBXGroup section */

/* Begin PBXNativeTarget section */
		624A42D827C14109002C73E4 /* Abschlussprojekt_Adriano (iOS) */ = {
			isa = PBXNativeTarget;
			buildConfigurationList = 624A430227C14109002C73E4 /* Build configuration list for PBXNativeTarget "Abschlussprojekt_Adriano (iOS)" */;
			buildPhases = (
				5D254D69C97E0298D274EC58 /* [CP] Check Pods Manifest.lock */,
				624A42D527C14109002C73E4 /* Sources */,
				624A42D627C14109002C73E4 /* Frameworks */,
				624A42D727C14109002C73E4 /* Resources */,
				97755E064A8E468FC0797FCA /* [CP] Embed Pods Frameworks */,
			);
			buildRules = (
			);
			dependencies = (
			);
			name = "Abschlussprojekt_Adriano (iOS)";
			productName = "Abschlussprojekt_Adriano (iOS)";
			productReference = 624A42D927C14109002C73E4 /* Abschlussprojekt_Adriano.app */;
			productType = "com.apple.product-type.application";
		};
		624A42DE27C14109002C73E4 /* Abschlussprojekt_Adriano (macOS) */ = {
			isa = PBXNativeTarget;
			buildConfigurationList = 624A430527C14109002C73E4 /* Build configuration list for PBXNativeTarget "Abschlussprojekt_Adriano (macOS)" */;
			buildPhases = (
				624A42DB27C14109002C73E4 /* Sources */,
				624A42DC27C14109002C73E4 /* Frameworks */,
				624A42DD27C14109002C73E4 /* Resources */,
			);
			buildRules = (
			);
			dependencies = (
			);
			name = "Abschlussprojekt_Adriano (macOS)";
			productName = "Abschlussprojekt_Adriano (macOS)";
			productReference = 624A42DF27C14109002C73E4 /* Abschlussprojekt_Adriano.app */;
			productType = "com.apple.product-type.application";
		};
		624A42E527C14109002C73E4 /* Tests iOS */ = {
			isa = PBXNativeTarget;
			buildConfigurationList = 624A430827C14109002C73E4 /* Build configuration list for PBXNativeTarget "Tests iOS" */;
			buildPhases = (
				624A42E227C14109002C73E4 /* Sources */,
				624A42E327C14109002C73E4 /* Frameworks */,
				624A42E427C14109002C73E4 /* Resources */,
			);
			buildRules = (
			);
			dependencies = (
				624A42E827C14109002C73E4 /* PBXTargetDependency */,
			);
			name = "Tests iOS";
			productName = "Tests iOS";
			productReference = 624A42E627C14109002C73E4 /* Tests iOS.xctest */;
			productType = "com.apple.product-type.bundle.ui-testing";
		};
		624A42F127C14109002C73E4 /* Tests macOS */ = {
			isa = PBXNativeTarget;
			buildConfigurationList = 624A430B27C14109002C73E4 /* Build configuration list for PBXNativeTarget "Tests macOS" */;
			buildPhases = (
				624A42EE27C14109002C73E4 /* Sources */,
				624A42EF27C14109002C73E4 /* Frameworks */,
				624A42F027C14109002C73E4 /* Resources */,
			);
			buildRules = (
			);
			dependencies = (
				624A42F427C14109002C73E4 /* PBXTargetDependency */,
			);
			name = "Tests macOS";
			productName = "Tests macOS";
			productReference = 624A42F227C14109002C73E4 /* Tests macOS.xctest */;
			productType = "com.apple.product-type.bundle.ui-testing";
		};
/* End PBXNativeTarget section */

/* Begin PBXProject section */
		624A42CD27C14105002C73E4 /* Project object */ = {
			isa = PBXProject;
			attributes = {
				BuildIndependentTargetsInParallel = 1;
				LastSwiftUpdateCheck = 1320;
				LastUpgradeCheck = 1320;
				TargetAttributes = {
					624A42D827C14109002C73E4 = {
						CreatedOnToolsVersion = 13.2.1;
					};
					624A42DE27C14109002C73E4 = {
						CreatedOnToolsVersion = 13.2.1;
					};
					624A42E527C14109002C73E4 = {
						CreatedOnToolsVersion = 13.2.1;
						TestTargetID = 624A42D827C14109002C73E4;
					};
					624A42F127C14109002C73E4 = {
						CreatedOnToolsVersion = 13.2.1;
						TestTargetID = 624A42DE27C14109002C73E4;
					};
				};
			};
			buildConfigurationList = 624A42D027C14105002C73E4 /* Build configuration list for PBXProject "Abschlussprojekt_Adriano" */;
			compatibilityVersion = "Xcode 13.0";
			developmentRegion = en;
			hasScannedForEncodings = 0;
			knownRegions = (
				en,
				Base,
			);
			mainGroup = 624A42CC27C14105002C73E4;
			productRefGroup = 624A42DA27C14109002C73E4 /* Products */;
			projectDirPath = "";
			projectRoot = "";
			targets = (
				624A42D827C14109002C73E4 /* Abschlussprojekt_Adriano (iOS) */,
				624A42DE27C14109002C73E4 /* Abschlussprojekt_Adriano (macOS) */,
				624A42E527C14109002C73E4 /* Tests iOS */,
				624A42F127C14109002C73E4 /* Tests macOS */,
			);
		};
/* End PBXProject section */

/* Begin PBXResourcesBuildPhase section */
		624A42D727C14109002C73E4 /* Resources */ = {
			isa = PBXResourcesBuildPhase;
			buildActionMask = 2147483647;
			files = (
			);
			runOnlyForDeploymentPostprocessing = 0;
		};
		624A42DD27C14109002C73E4 /* Resources */ = {
			isa = PBXResourcesBuildPhase;
			buildActionMask = 2147483647;
			files = (
			);
			runOnlyForDeploymentPostprocessing = 0;
		};
		624A42E427C14109002C73E4 /* Resources */ = {
			isa = PBXResourcesBuildPhase;
			buildActionMask = 2147483647;
			files = (
			);
			runOnlyForDeploymentPostprocessing = 0;
		};
		624A42F027C14109002C73E4 /* Resources */ = {
			isa = PBXResourcesBuildPhase;
			buildActionMask = 2147483647;
			files = (
			);
			runOnlyForDeploymentPostprocessing = 0;
		};
/* End PBXResourcesBuildPhase section */

/* Begin PBXShellScriptBuildPhase section */
		5D254D69C97E0298D274EC58 /* [CP] Check Pods Manifest.lock */ = {
			isa = PBXShellScriptBuildPhase;
			buildActionMask = 2147483647;
			files = (
			);
			inputFileListPaths = (
			);
			inputPaths = (
				"${PODS_PODFILE_DIR_PATH}/Podfile.lock",
				"${PODS_ROOT}/Manifest.lock",
			);
			name = "[CP] Check Pods Manifest.lock";
			outputFileListPaths = (
			);
			outputPaths = (
				"$(DERIVED_FILE_DIR)/Pods-Abschlussprojekt_Adriano (iOS)-checkManifestLockResult.txt",
			);
			runOnlyForDeploymentPostprocessing = 0;
			shellPath = /bin/sh;
			shellScript = "diff \"${PODS_PODFILE_DIR_PATH}/Podfile.lock\" \"${PODS_ROOT}/Manifest.lock\" > /dev/null\nif [ $? != 0 ] ; then\n    # print error to STDERR\n    echo \"error: The sandbox is not in sync with the Podfile.lock. Run 'pod install' or update your CocoaPods installation.\" >&2\n    exit 1\nfi\n# This output is used by Xcode 'outputs' to avoid re-running this script phase.\necho \"SUCCESS\" > \"${SCRIPT_OUTPUT_FILE_0}\"\n";
			showEnvVarsInLog = 0;
		};
		97755E064A8E468FC0797FCA /* [CP] Embed Pods Frameworks */ = {
			isa = PBXShellScriptBuildPhase;
			buildActionMask = 2147483647;
			files = (
			);
			inputFileListPaths = (
				"${PODS_ROOT}/Target Support Files/Pods-Abschlussprojekt_Adriano (iOS)/Pods-Abschlussprojekt_Adriano (iOS)-frameworks-${CONFIGURATION}-input-files.xcfilelist",
			);
			name = "[CP] Embed Pods Frameworks";
			outputFileListPaths = (
				"${PODS_ROOT}/Target Support Files/Pods-Abschlussprojekt_Adriano (iOS)/Pods-Abschlussprojekt_Adriano (iOS)-frameworks-${CONFIGURATION}-output-files.xcfilelist",
			);
			runOnlyForDeploymentPostprocessing = 0;
			shellPath = /bin/sh;
			shellScript = "\"${PODS_ROOT}/Target Support Files/Pods-Abschlussprojekt_Adriano (iOS)/Pods-Abschlussprojekt_Adriano (iOS)-frameworks.sh\"\n";
			showEnvVarsInLog = 0;
		};
/* End PBXShellScriptBuildPhase section */

/* Begin PBXSourcesBuildPhase section */
		624A42D527C14109002C73E4 /* Sources */ = {
			isa = PBXSourcesBuildPhase;
			buildActionMask = 2147483647;
			files = (
				623D3C0627C292E900187822 /* Vocable.swift in Sources */,
				62EF9D3A27C562A200DD8C84 /* LearningViewModel.swift in Sources */,
				624A42FC27C14109002C73E4 /* TabViewController.swift in Sources */,
				624A431227C15226002C73E4 /* SettingsView.swift in Sources */,
				623D3C0A27C2A1A900187822 /* RealmMigrator.swift in Sources */,
				623D3C0D27C2A1FB00187822 /* VocableStore.swift in Sources */,
				625BD81827C3E92B00ECEF76 /* SystemLibraryExtensions.swift in Sources */,
				62AF8D7627F3602000F0BC72 /* LearningCardsWrite.swift in Sources */,
				624A431C27C15E09002C73E4 /* CardView.swift in Sources */,
				624A430F27C15208002C73E4 /* LibraryViewController.swift in Sources */,
				621D09DF27C6B4A000C4A68D /* LearningStartSessionViewController.swift in Sources */,
				6229B32227C5112B002606E9 /* LearningCards.swift in Sources */,
				629AFD2727CBED67009B46E3 /* LearningViewController.swift in Sources */,
				62FEB1C027E7E80100B1900D /* LearningViewController.swift in Sources */,
				623D3BFB27C2728100187822 /* LibraryRow.swift in Sources */,
				624A431F27C172DB002C73E4 /* Guidelines.swift in Sources */,
				623D3BFE27C2765D00187822 /* LibraryHeaderView.swift in Sources */,
				6292E0B027C2C4FB00B01EA7 /* Observable.swift in Sources */,
				629370CB27F5F2FF00938411 /* LibraryContentView.swift in Sources */,
				623D3C1327C2A30B00187822 /* DBVocable.swift in Sources */,
				624A42FA27C14109002C73E4 /* Abschlussprojekt_AdrianoApp.swift in Sources */,
				624A432227C18565002C73E4 /* ButtonView.swift in Sources */,
				6289DF0527EB847F0006BFA1 /* LibraryViewModel.swift in Sources */,
				62883E5228022DAD00579F7D /* Error.swift in Sources */,
				624A431827C1526D002C73E4 /* NewVocabsView.swift in Sources */,
			);
			runOnlyForDeploymentPostprocessing = 0;
		};
		624A42DB27C14109002C73E4 /* Sources */ = {
			isa = PBXSourcesBuildPhase;
			buildActionMask = 2147483647;
			files = (
				623D3C0727C292E900187822 /* Vocable.swift in Sources */,
				62EF9D3B27C562A200DD8C84 /* LearningViewModel.swift in Sources */,
				624A42FD27C14109002C73E4 /* TabViewController.swift in Sources */,
				624A431327C15226002C73E4 /* SettingsView.swift in Sources */,
				623D3C0B27C2A1A900187822 /* RealmMigrator.swift in Sources */,
				623D3C0E27C2A1FB00187822 /* VocableStore.swift in Sources */,
				625BD81927C3E92B00ECEF76 /* SystemLibraryExtensions.swift in Sources */,
				62AF8D7727F3602000F0BC72 /* LearningCardsWrite.swift in Sources */,
				624A431D27C15E09002C73E4 /* CardView.swift in Sources */,
				624A431027C15208002C73E4 /* LibraryViewController.swift in Sources */,
				621D09E027C6B4A000C4A68D /* LearningStartSessionViewController.swift in Sources */,
				6229B32327C5112B002606E9 /* LearningCards.swift in Sources */,
				629AFD2827CBED67009B46E3 /* LearningViewController.swift in Sources */,
				62FEB1C127E7E80100B1900D /* LearningViewController.swift in Sources */,
				623D3BFC27C2728100187822 /* LibraryRow.swift in Sources */,
				624A432027C172DB002C73E4 /* Guidelines.swift in Sources */,
				623D3BFF27C2765D00187822 /* LibraryHeaderView.swift in Sources */,
				6292E0B127C2C4FB00B01EA7 /* Observable.swift in Sources */,
				629370CC27F5F2FF00938411 /* LibraryContentView.swift in Sources */,
				623D3C1427C2A30B00187822 /* DBVocable.swift in Sources */,
				624A42FB27C14109002C73E4 /* Abschlussprojekt_AdrianoApp.swift in Sources */,
				624A432327C18565002C73E4 /* ButtonView.swift in Sources */,
				6289DF0627EB847F0006BFA1 /* LibraryViewModel.swift in Sources */,
				62883E5328022DAD00579F7D /* Error.swift in Sources */,
				624A431927C1526D002C73E4 /* NewVocabsView.swift in Sources */,
			);
			runOnlyForDeploymentPostprocessing = 0;
		};
		624A42E227C14109002C73E4 /* Sources */ = {
			isa = PBXSourcesBuildPhase;
			buildActionMask = 2147483647;
			files = (
				624A42ED27C14109002C73E4 /* Tests_iOSLaunchTests.swift in Sources */,
				624A42EB27C14109002C73E4 /* Tests_iOS.swift in Sources */,
			);
			runOnlyForDeploymentPostprocessing = 0;
		};
		624A42EE27C14109002C73E4 /* Sources */ = {
			isa = PBXSourcesBuildPhase;
			buildActionMask = 2147483647;
			files = (
				624A42F927C14109002C73E4 /* Tests_macOSLaunchTests.swift in Sources */,
				624A42F727C14109002C73E4 /* Tests_macOS.swift in Sources */,
			);
			runOnlyForDeploymentPostprocessing = 0;
		};
/* End PBXSourcesBuildPhase section */

/* Begin PBXTargetDependency section */
		624A42E827C14109002C73E4 /* PBXTargetDependency */ = {
			isa = PBXTargetDependency;
			target = 624A42D827C14109002C73E4 /* Abschlussprojekt_Adriano (iOS) */;
			targetProxy = 624A42E727C14109002C73E4 /* PBXContainerItemProxy */;
		};
		624A42F427C14109002C73E4 /* PBXTargetDependency */ = {
			isa = PBXTargetDependency;
			target = 624A42DE27C14109002C73E4 /* Abschlussprojekt_Adriano (macOS) */;
			targetProxy = 624A42F327C14109002C73E4 /* PBXContainerItemProxy */;
		};
/* End PBXTargetDependency section */

/* Begin XCBuildConfiguration section */
		624A430027C14109002C73E4 /* Debug */ = {
			isa = XCBuildConfiguration;
			buildSettings = {
				ALWAYS_SEARCH_USER_PATHS = NO;
				CLANG_ANALYZER_NONNULL = YES;
				CLANG_ANALYZER_NUMBER_OBJECT_CONVERSION = YES_AGGRESSIVE;
				CLANG_CXX_LANGUAGE_STANDARD = "gnu++17";
				CLANG_CXX_LIBRARY = "libc++";
				CLANG_ENABLE_MODULES = YES;
				CLANG_ENABLE_OBJC_ARC = YES;
				CLANG_ENABLE_OBJC_WEAK = YES;
				CLANG_WARN_BLOCK_CAPTURE_AUTORELEASING = YES;
				CLANG_WARN_BOOL_CONVERSION = YES;
				CLANG_WARN_COMMA = YES;
				CLANG_WARN_CONSTANT_CONVERSION = YES;
				CLANG_WARN_DEPRECATED_OBJC_IMPLEMENTATIONS = YES;
				CLANG_WARN_DIRECT_OBJC_ISA_USAGE = YES_ERROR;
				CLANG_WARN_DOCUMENTATION_COMMENTS = YES;
				CLANG_WARN_EMPTY_BODY = YES;
				CLANG_WARN_ENUM_CONVERSION = YES;
				CLANG_WARN_INFINITE_RECURSION = YES;
				CLANG_WARN_INT_CONVERSION = YES;
				CLANG_WARN_NON_LITERAL_NULL_CONVERSION = YES;
				CLANG_WARN_OBJC_IMPLICIT_RETAIN_SELF = YES;
				CLANG_WARN_OBJC_LITERAL_CONVERSION = YES;
				CLANG_WARN_OBJC_ROOT_CLASS = YES_ERROR;
				CLANG_WARN_QUOTED_INCLUDE_IN_FRAMEWORK_HEADER = YES;
				CLANG_WARN_RANGE_LOOP_ANALYSIS = YES;
				CLANG_WARN_STRICT_PROTOTYPES = YES;
				CLANG_WARN_SUSPICIOUS_MOVE = YES;
				CLANG_WARN_UNGUARDED_AVAILABILITY = YES_AGGRESSIVE;
				CLANG_WARN_UNREACHABLE_CODE = YES;
				CLANG_WARN__DUPLICATE_METHOD_MATCH = YES;
				COPY_PHASE_STRIP = NO;
				DEBUG_INFORMATION_FORMAT = dwarf;
				ENABLE_STRICT_OBJC_MSGSEND = YES;
				ENABLE_TESTABILITY = YES;
				GCC_C_LANGUAGE_STANDARD = gnu11;
				GCC_DYNAMIC_NO_PIC = NO;
				GCC_NO_COMMON_BLOCKS = YES;
				GCC_OPTIMIZATION_LEVEL = 0;
				GCC_PREPROCESSOR_DEFINITIONS = (
					"DEBUG=1",
					"$(inherited)",
				);
				GCC_WARN_64_TO_32_BIT_CONVERSION = YES;
				GCC_WARN_ABOUT_RETURN_TYPE = YES_ERROR;
				GCC_WARN_UNDECLARED_SELECTOR = YES;
				GCC_WARN_UNINITIALIZED_AUTOS = YES_AGGRESSIVE;
				GCC_WARN_UNUSED_FUNCTION = YES;
				GCC_WARN_UNUSED_VARIABLE = YES;
				MTL_ENABLE_DEBUG_INFO = INCLUDE_SOURCE;
				MTL_FAST_MATH = YES;
				ONLY_ACTIVE_ARCH = YES;
				SWIFT_ACTIVE_COMPILATION_CONDITIONS = DEBUG;
				SWIFT_OPTIMIZATION_LEVEL = "-Onone";
			};
			name = Debug;
		};
		624A430127C14109002C73E4 /* Release */ = {
			isa = XCBuildConfiguration;
			buildSettings = {
				ALWAYS_SEARCH_USER_PATHS = NO;
				CLANG_ANALYZER_NONNULL = YES;
				CLANG_ANALYZER_NUMBER_OBJECT_CONVERSION = YES_AGGRESSIVE;
				CLANG_CXX_LANGUAGE_STANDARD = "gnu++17";
				CLANG_CXX_LIBRARY = "libc++";
				CLANG_ENABLE_MODULES = YES;
				CLANG_ENABLE_OBJC_ARC = YES;
				CLANG_ENABLE_OBJC_WEAK = YES;
				CLANG_WARN_BLOCK_CAPTURE_AUTORELEASING = YES;
				CLANG_WARN_BOOL_CONVERSION = YES;
				CLANG_WARN_COMMA = YES;
				CLANG_WARN_CONSTANT_CONVERSION = YES;
				CLANG_WARN_DEPRECATED_OBJC_IMPLEMENTATIONS = YES;
				CLANG_WARN_DIRECT_OBJC_ISA_USAGE = YES_ERROR;
				CLANG_WARN_DOCUMENTATION_COMMENTS = YES;
				CLANG_WARN_EMPTY_BODY = YES;
				CLANG_WARN_ENUM_CONVERSION = YES;
				CLANG_WARN_INFINITE_RECURSION = YES;
				CLANG_WARN_INT_CONVERSION = YES;
				CLANG_WARN_NON_LITERAL_NULL_CONVERSION = YES;
				CLANG_WARN_OBJC_IMPLICIT_RETAIN_SELF = YES;
				CLANG_WARN_OBJC_LITERAL_CONVERSION = YES;
				CLANG_WARN_OBJC_ROOT_CLASS = YES_ERROR;
				CLANG_WARN_QUOTED_INCLUDE_IN_FRAMEWORK_HEADER = YES;
				CLANG_WARN_RANGE_LOOP_ANALYSIS = YES;
				CLANG_WARN_STRICT_PROTOTYPES = YES;
				CLANG_WARN_SUSPICIOUS_MOVE = YES;
				CLANG_WARN_UNGUARDED_AVAILABILITY = YES_AGGRESSIVE;
				CLANG_WARN_UNREACHABLE_CODE = YES;
				CLANG_WARN__DUPLICATE_METHOD_MATCH = YES;
				COPY_PHASE_STRIP = NO;
				DEBUG_INFORMATION_FORMAT = "dwarf-with-dsym";
				ENABLE_NS_ASSERTIONS = NO;
				ENABLE_STRICT_OBJC_MSGSEND = YES;
				GCC_C_LANGUAGE_STANDARD = gnu11;
				GCC_NO_COMMON_BLOCKS = YES;
				GCC_WARN_64_TO_32_BIT_CONVERSION = YES;
				GCC_WARN_ABOUT_RETURN_TYPE = YES_ERROR;
				GCC_WARN_UNDECLARED_SELECTOR = YES;
				GCC_WARN_UNINITIALIZED_AUTOS = YES_AGGRESSIVE;
				GCC_WARN_UNUSED_FUNCTION = YES;
				GCC_WARN_UNUSED_VARIABLE = YES;
				MTL_ENABLE_DEBUG_INFO = NO;
				MTL_FAST_MATH = YES;
				SWIFT_COMPILATION_MODE = wholemodule;
				SWIFT_OPTIMIZATION_LEVEL = "-O";
			};
			name = Release;
		};
		624A430327C14109002C73E4 /* Debug */ = {
			isa = XCBuildConfiguration;
			baseConfigurationReference = 29AA2ADB8E45FEF664BA1B55 /* Pods-Abschlussprojekt_Adriano (iOS).debug.xcconfig */;
			buildSettings = {
				ASSETCATALOG_COMPILER_APPICON_NAME = AppIcon;
				ASSETCATALOG_COMPILER_GLOBAL_ACCENT_COLOR_NAME = AccentColor;
				CODE_SIGN_STYLE = Automatic;
				CURRENT_PROJECT_VERSION = 1;
				DEVELOPMENT_TEAM = 8QAGZ495K6;
				ENABLE_PREVIEWS = YES;
				GENERATE_INFOPLIST_FILE = YES;
				INFOPLIST_KEY_UIApplicationSceneManifest_Generation = YES;
				INFOPLIST_KEY_UIApplicationSupportsIndirectInputEvents = YES;
				INFOPLIST_KEY_UILaunchScreen_Generation = YES;
				INFOPLIST_KEY_UISupportedInterfaceOrientations_iPad = "UIInterfaceOrientationPortrait UIInterfaceOrientationPortraitUpsideDown UIInterfaceOrientationLandscapeLeft UIInterfaceOrientationLandscapeRight";
				INFOPLIST_KEY_UISupportedInterfaceOrientations_iPhone = "UIInterfaceOrientationPortrait UIInterfaceOrientationLandscapeLeft UIInterfaceOrientationLandscapeRight";
				IPHONEOS_DEPLOYMENT_TARGET = 15.0;
				LD_RUNPATH_SEARCH_PATHS = (
					"$(inherited)",
					"@executable_path/Frameworks",
				);
				MARKETING_VERSION = 1.0;
				PRODUCT_BUNDLE_IDENTIFIER = "AdrianoBrunster.Abschlussprojekt-Adriano";
				PRODUCT_NAME = Abschlussprojekt_Adriano;
				SDKROOT = iphoneos;
				SWIFT_EMIT_LOC_STRINGS = YES;
				SWIFT_VERSION = 5.0;
				TARGETED_DEVICE_FAMILY = 1;
			};
			name = Debug;
		};
		624A430427C14109002C73E4 /* Release */ = {
			isa = XCBuildConfiguration;
			baseConfigurationReference = 451508355783AD0683635F1D /* Pods-Abschlussprojekt_Adriano (iOS).release.xcconfig */;
			buildSettings = {
				ASSETCATALOG_COMPILER_APPICON_NAME = AppIcon;
				ASSETCATALOG_COMPILER_GLOBAL_ACCENT_COLOR_NAME = AccentColor;
				CODE_SIGN_STYLE = Automatic;
				CURRENT_PROJECT_VERSION = 1;
				DEVELOPMENT_TEAM = 8QAGZ495K6;
				ENABLE_PREVIEWS = YES;
				GENERATE_INFOPLIST_FILE = YES;
				INFOPLIST_KEY_UIApplicationSceneManifest_Generation = YES;
				INFOPLIST_KEY_UIApplicationSupportsIndirectInputEvents = YES;
				INFOPLIST_KEY_UILaunchScreen_Generation = YES;
				INFOPLIST_KEY_UISupportedInterfaceOrientations_iPad = "UIInterfaceOrientationPortrait UIInterfaceOrientationPortraitUpsideDown UIInterfaceOrientationLandscapeLeft UIInterfaceOrientationLandscapeRight";
				INFOPLIST_KEY_UISupportedInterfaceOrientations_iPhone = "UIInterfaceOrientationPortrait UIInterfaceOrientationLandscapeLeft UIInterfaceOrientationLandscapeRight";
				IPHONEOS_DEPLOYMENT_TARGET = 15.0;
				LD_RUNPATH_SEARCH_PATHS = (
					"$(inherited)",
					"@executable_path/Frameworks",
				);
				MARKETING_VERSION = 1.0;
				PRODUCT_BUNDLE_IDENTIFIER = "AdrianoBrunster.Abschlussprojekt-Adriano";
				PRODUCT_NAME = Abschlussprojekt_Adriano;
				SDKROOT = iphoneos;
				SWIFT_EMIT_LOC_STRINGS = YES;
				SWIFT_VERSION = 5.0;
				TARGETED_DEVICE_FAMILY = 1;
				VALIDATE_PRODUCT = YES;
			};
			name = Release;
		};
		624A430627C14109002C73E4 /* Debug */ = {
			isa = XCBuildConfiguration;
			buildSettings = {
				ASSETCATALOG_COMPILER_APPICON_NAME = AppIcon;
				ASSETCATALOG_COMPILER_GLOBAL_ACCENT_COLOR_NAME = AccentColor;
				CODE_SIGN_ENTITLEMENTS = macOS/macOS.entitlements;
				CODE_SIGN_STYLE = Automatic;
				COMBINE_HIDPI_IMAGES = YES;
				CURRENT_PROJECT_VERSION = 1;
				DEVELOPMENT_TEAM = 8QAGZ495K6;
				ENABLE_HARDENED_RUNTIME = YES;
				ENABLE_PREVIEWS = YES;
				GENERATE_INFOPLIST_FILE = YES;
				INFOPLIST_KEY_NSHumanReadableCopyright = "";
				LD_RUNPATH_SEARCH_PATHS = (
					"$(inherited)",
					"@executable_path/../Frameworks",
				);
				MACOSX_DEPLOYMENT_TARGET = 11.4;
				MARKETING_VERSION = 1.0;
				PRODUCT_BUNDLE_IDENTIFIER = "AdrianoBrunster.Abschlussprojekt-Adriano";
				PRODUCT_NAME = Abschlussprojekt_Adriano;
				SDKROOT = macosx;
				SWIFT_EMIT_LOC_STRINGS = YES;
				SWIFT_VERSION = 5.0;
			};
			name = Debug;
		};
		624A430727C14109002C73E4 /* Release */ = {
			isa = XCBuildConfiguration;
			buildSettings = {
				ASSETCATALOG_COMPILER_APPICON_NAME = AppIcon;
				ASSETCATALOG_COMPILER_GLOBAL_ACCENT_COLOR_NAME = AccentColor;
				CODE_SIGN_ENTITLEMENTS = macOS/macOS.entitlements;
				CODE_SIGN_STYLE = Automatic;
				COMBINE_HIDPI_IMAGES = YES;
				CURRENT_PROJECT_VERSION = 1;
				DEVELOPMENT_TEAM = 8QAGZ495K6;
				ENABLE_HARDENED_RUNTIME = YES;
				ENABLE_PREVIEWS = YES;
				GENERATE_INFOPLIST_FILE = YES;
				INFOPLIST_KEY_NSHumanReadableCopyright = "";
				LD_RUNPATH_SEARCH_PATHS = (
					"$(inherited)",
					"@executable_path/../Frameworks",
				);
				MACOSX_DEPLOYMENT_TARGET = 11.4;
				MARKETING_VERSION = 1.0;
				PRODUCT_BUNDLE_IDENTIFIER = "AdrianoBrunster.Abschlussprojekt-Adriano";
				PRODUCT_NAME = Abschlussprojekt_Adriano;
				SDKROOT = macosx;
				SWIFT_EMIT_LOC_STRINGS = YES;
				SWIFT_VERSION = 5.0;
			};
			name = Release;
		};
		624A430927C14109002C73E4 /* Debug */ = {
			isa = XCBuildConfiguration;
			buildSettings = {
				ALWAYS_EMBED_SWIFT_STANDARD_LIBRARIES = YES;
				CODE_SIGN_STYLE = Automatic;
				CURRENT_PROJECT_VERSION = 1;
				DEVELOPMENT_TEAM = 8QAGZ495K6;
				GENERATE_INFOPLIST_FILE = YES;
				IPHONEOS_DEPLOYMENT_TARGET = 15.2;
				MARKETING_VERSION = 1.0;
				PRODUCT_BUNDLE_IDENTIFIER = "AdrianoBrunster.Tests-iOS";
				PRODUCT_NAME = "$(TARGET_NAME)";
				SDKROOT = iphoneos;
				SWIFT_EMIT_LOC_STRINGS = NO;
				SWIFT_VERSION = 5.0;
				TARGETED_DEVICE_FAMILY = "1,2";
				TEST_TARGET_NAME = "Abschlussprojekt_Adriano (iOS)";
			};
			name = Debug;
		};
		624A430A27C14109002C73E4 /* Release */ = {
			isa = XCBuildConfiguration;
			buildSettings = {
				ALWAYS_EMBED_SWIFT_STANDARD_LIBRARIES = YES;
				CODE_SIGN_STYLE = Automatic;
				CURRENT_PROJECT_VERSION = 1;
				DEVELOPMENT_TEAM = 8QAGZ495K6;
				GENERATE_INFOPLIST_FILE = YES;
				IPHONEOS_DEPLOYMENT_TARGET = 15.2;
				MARKETING_VERSION = 1.0;
				PRODUCT_BUNDLE_IDENTIFIER = "AdrianoBrunster.Tests-iOS";
				PRODUCT_NAME = "$(TARGET_NAME)";
				SDKROOT = iphoneos;
				SWIFT_EMIT_LOC_STRINGS = NO;
				SWIFT_VERSION = 5.0;
				TARGETED_DEVICE_FAMILY = "1,2";
				TEST_TARGET_NAME = "Abschlussprojekt_Adriano (iOS)";
				VALIDATE_PRODUCT = YES;
			};
			name = Release;
		};
		624A430C27C14109002C73E4 /* Debug */ = {
			isa = XCBuildConfiguration;
			buildSettings = {
				ALWAYS_EMBED_SWIFT_STANDARD_LIBRARIES = YES;
				CODE_SIGN_STYLE = Automatic;
				CURRENT_PROJECT_VERSION = 1;
				DEVELOPMENT_TEAM = 8QAGZ495K6;
				GENERATE_INFOPLIST_FILE = YES;
				MACOSX_DEPLOYMENT_TARGET = 11.4;
				MARKETING_VERSION = 1.0;
				PRODUCT_BUNDLE_IDENTIFIER = "AdrianoBrunster.Tests-macOS";
				PRODUCT_NAME = "$(TARGET_NAME)";
				SDKROOT = macosx;
				SWIFT_EMIT_LOC_STRINGS = NO;
				SWIFT_VERSION = 5.0;
				TEST_TARGET_NAME = "Abschlussprojekt_Adriano (macOS)";
			};
			name = Debug;
		};
		624A430D27C14109002C73E4 /* Release */ = {
			isa = XCBuildConfiguration;
			buildSettings = {
				ALWAYS_EMBED_SWIFT_STANDARD_LIBRARIES = YES;
				CODE_SIGN_STYLE = Automatic;
				CURRENT_PROJECT_VERSION = 1;
				DEVELOPMENT_TEAM = 8QAGZ495K6;
				GENERATE_INFOPLIST_FILE = YES;
				MACOSX_DEPLOYMENT_TARGET = 11.4;
				MARKETING_VERSION = 1.0;
				PRODUCT_BUNDLE_IDENTIFIER = "AdrianoBrunster.Tests-macOS";
				PRODUCT_NAME = "$(TARGET_NAME)";
				SDKROOT = macosx;
				SWIFT_EMIT_LOC_STRINGS = NO;
				SWIFT_VERSION = 5.0;
				TEST_TARGET_NAME = "Abschlussprojekt_Adriano (macOS)";
			};
			name = Release;
		};
/* End XCBuildConfiguration section */

/* Begin XCConfigurationList section */
		624A42D027C14105002C73E4 /* Build configuration list for PBXProject "Abschlussprojekt_Adriano" */ = {
			isa = XCConfigurationList;
			buildConfigurations = (
				624A430027C14109002C73E4 /* Debug */,
				624A430127C14109002C73E4 /* Release */,
			);
			defaultConfigurationIsVisible = 0;
			defaultConfigurationName = Release;
		};
		624A430227C14109002C73E4 /* Build configuration list for PBXNativeTarget "Abschlussprojekt_Adriano (iOS)" */ = {
			isa = XCConfigurationList;
			buildConfigurations = (
				624A430327C14109002C73E4 /* Debug */,
				624A430427C14109002C73E4 /* Release */,
			);
			defaultConfigurationIsVisible = 0;
			defaultConfigurationName = Release;
		};
		624A430527C14109002C73E4 /* Build configuration list for PBXNativeTarget "Abschlussprojekt_Adriano (macOS)" */ = {
			isa = XCConfigurationList;
			buildConfigurations = (
				624A430627C14109002C73E4 /* Debug */,
				624A430727C14109002C73E4 /* Release */,
			);
			defaultConfigurationIsVisible = 0;
			defaultConfigurationName = Release;
		};
		624A430827C14109002C73E4 /* Build configuration list for PBXNativeTarget "Tests iOS" */ = {
			isa = XCConfigurationList;
			buildConfigurations = (
				624A430927C14109002C73E4 /* Debug */,
				624A430A27C14109002C73E4 /* Release */,
			);
			defaultConfigurationIsVisible = 0;
			defaultConfigurationName = Release;
		};
		624A430B27C14109002C73E4 /* Build configuration list for PBXNativeTarget "Tests macOS" */ = {
			isa = XCConfigurationList;
			buildConfigurations = (
				624A430C27C14109002C73E4 /* Debug */,
				624A430D27C14109002C73E4 /* Release */,
			);
			defaultConfigurationIsVisible = 0;
			defaultConfigurationName = Release;
		};
/* End XCConfigurationList section */
	};
	rootObject = 624A42CD27C14105002C73E4 /* Project object */;
}
